
Microsoft Visual Studio Solution File, Format Version 12.00
# Visual Studio Version 16
VisualStudioVersion = 16.0.32407.337
MinimumVisualStudioVersion = 10.0.40219.1
Project("{9092AA53-FB77-4645-B42D-1CCCA6BD08BD}") = "sumitchatsite", "sumitchatsite.njsproj", "{BBD8AEB4-2AAE-4337-BF73-E7D6044DDEB5}"
EndProject
Global
	GlobalSection(SolutionConfigurationPlatforms) = preSolution
		Debug|Any CPU = Debug|Any CPU
		Release|Any CPU = Release|Any CPU
	EndGlobalSection
	GlobalSection(ProjectConfigurationPlatforms) = postSolution
		{BBD8AEB4-2AAE-4337-BF73-E7D6044DDEB5}.Debug|Any CPU.ActiveCfg = Debug|Any CPU
		{BBD8AEB4-2AAE-4337-BF73-E7D6044DDEB5}.Debug|Any CPU.Build.0 = Debug|Any CPU
		{BBD8AEB4-2AAE-4337-BF73-E7D6044DDEB5}.Release|Any CPU.ActiveCfg = Release|Any CPU
		{BBD8AEB4-2AAE-4337-BF73-E7D6044DDEB5}.Release|Any CPU.Build.0 = Release|Any CPU
	EndGlobalSection
	GlobalSection(SolutionProperties) = preSolution
		HideSolutionNode = FALSE
	EndGlobalSection
	GlobalSection(ExtensibilityGlobals) = postSolution
		SolutionGuid = {361370CF-D940-4CC7-99C2-7F8312CA4590}
	EndGlobalSection
EndGlobal
